
Microsoft Visual Studio Solution File, Format Version 12.00
# Visual Studio 15
VisualStudioVersion = 15.0.27130.0
MinimumVisualStudioVersion = 10.0.40219.1
Project("{FAE04EC0-301F-11D3-BF4B-00C04F79EFBC}") = "AIOFlipper", "AIOFlipper\AIOFlipper.csproj", "{E8088EB7-25BE-4DAF-95FC-074FC57AF1AF}"
EndProject
Global
	GlobalSection(SolutionConfigurationPlatforms) = preSolution
		Debug|Any CPU = Debug|Any CPU
		Debug|x86 = Debug|x86
		Release|Any CPU = Release|Any CPU
		Release|x86 = Release|x86
	EndGlobalSection
	GlobalSection(ProjectConfigurationPlatforms) = postSolution
		{E8088EB7-25BE-4DAF-95FC-074FC57AF1AF}.Debug|Any CPU.ActiveCfg = Debug|Any CPU
		{E8088EB7-25BE-4DAF-95FC-074FC57AF1AF}.Debug|Any CPU.Build.0 = Debug|Any CPU
		{E8088EB7-25BE-4DAF-95FC-074FC57AF1AF}.Debug|x86.ActiveCfg = Debug|x86
		{E8088EB7-25BE-4DAF-95FC-074FC57AF1AF}.Debug|x86.Build.0 = Debug|x86
		{E8088EB7-25BE-4DAF-95FC-074FC57AF1AF}.Release|Any CPU.ActiveCfg = Release|Any CPU
		{E8088EB7-25BE-4DAF-95FC-074FC57AF1AF}.Release|Any CPU.Build.0 = Release|Any CPU
		{E8088EB7-25BE-4DAF-95FC-074FC57AF1AF}.Release|x86.ActiveCfg = Release|x86
		{E8088EB7-25BE-4DAF-95FC-074FC57AF1AF}.Release|x86.Build.0 = Release|x86
	EndGlobalSection
	GlobalSection(SolutionProperties) = preSolution
		HideSolutionNode = FALSE
	EndGlobalSection
	GlobalSection(ExtensibilityGlobals) = postSolution
		SolutionGuid = {F1D02DD0-3C91-45A9-9E37-B84F9A00FD40}
	EndGlobalSection
EndGlobal
